<?xml version="1.0" encoding="utf-8"?>
<Project ToolsVersion="4.0" xmlns="http://schemas.microsoft.com/developer/msbuild/2003">
  <ItemGroup>
    <Filter Include="Implementation - Common">
      <UniqueIdentifier>{1f2e7f5e-00b9-404e-a118-d8a2c231ea96}</UniqueIdentifier>
    </Filter>
    <Filter Include="Implementation - PC">
      <UniqueIdentifier>{f28ed18a-79c0-4897-9bce-9802eb18fbc9}</UniqueIdentifier>
    </Filter>
    <Filter Include="Implementation - PC\Libs">
      <UniqueIdentifier>{93d00696-7364-44ef-ad77-752722fd3c49}</UniqueIdentifier>
    </Filter>
    <Filter Include="Implementation - PS2">
      <UniqueIdentifier>{866c4e86-2974-42d9-8cb7-06ec3c4636e7}</UniqueIdentifier>
    </Filter>
    <Filter Include="Implementation - PS2\IOP">
      <UniqueIdentifier>{6169eab6-e63e-4c3c-a75c-d9c3a6a69922}</UniqueIdentifier>
    </Filter>
    <Filter Include="External">
      <UniqueIdentifier>{99228557-3bcd-400d-b355-b4ebaf2d6c90}</UniqueIdentifier>
    </Filter>
    <Filter Include="Network">
      <UniqueIdentifier>{fca2a860-3f5b-46e5-b1c2-5753d86a6b01}</UniqueIdentifier>
    </Filter>
    <Filter Include="Network\PC">
      <UniqueIdentifier>{17bf01fe-2da8-40a7-8ec1-78b9703823c2}</UniqueIdentifier>
    </Filter>
  </ItemGroup>
  <ItemGroup>
    <ClCompile Include="Common\e_cdfs.cpp">
      <Filter>Implementation - Common</Filter>
    </ClCompile>
    <ClCompile Include="Common\e_Draw.cpp">
      <Filter>Implementation - Common</Filter>
    </ClCompile>
    <ClCompile Include="Common\e_Input.cpp">
      <Filter>Implementation - Common</Filter>
    </ClCompile>
    <ClCompile Include="e_netfs.cpp">
      <Filter>Implementation - Common</Filter>
    </ClCompile>
    <ClCompile Include="Common\e_ScratchMem.cpp">
      <Filter>Implementation - Common</Filter>
    </ClCompile>
    <ClCompile Include="Common\e_Text.cpp">
      <Filter>Implementation - Common</Filter>
    </ClCompile>
    <ClCompile Include="Common\e_View.cpp">
      <Filter>Implementation - Common</Filter>
    </ClCompile>
    <ClCompile Include="D3DEngine\d3deng.cpp">
      <Filter>Implementation - PC</Filter>
    </ClCompile>
    <ClCompile Include="D3DEngine\d3deng_draw.cpp">
      <Filter>Implementation - PC</Filter>
    </ClCompile>
    <ClCompile Include="D3DEngine\d3deng_input.cpp">
      <Filter>Implementation - PC</Filter>
    </ClCompile>
    <ClCompile Include="D3DEngine\d3deng_vram.cpp">
      <Filter>Implementation - PC</Filter>
    </ClCompile>
    <ClCompile Include="Network\FiFo.cpp">
      <Filter>Network</Filter>
    </ClCompile>
    <ClCompile Include="Network\NetAddress.cpp">
      <Filter>Network</Filter>
    </ClCompile>
    <ClCompile Include="Network\NetCommon.cpp">
      <Filter>Network</Filter>
    </ClCompile>
    <ClCompile Include="Network\NetSocket.cpp">
      <Filter>Network</Filter>
    </ClCompile>
    <ClCompile Include="Network\NetStream.cpp">
      <Filter>Network</Filter>
    </ClCompile>
    <ClCompile Include="Network\PC\NetLib.cpp">
      <Filter>Network\PC</Filter>
    </ClCompile>
  </ItemGroup>
  <ItemGroup>
    <ClInclude Include="Common\e_cdfs.hpp">
      <Filter>Implementation - Common</Filter>
    </ClInclude>
    <ClInclude Include="e_netfs.hpp">
      <Filter>Implementation - Common</Filter>
    </ClInclude>
    <ClInclude Include="e_netfsdefs.hpp">
      <Filter>Implementation - Common</Filter>
    </ClInclude>
    <ClInclude Include="Common\e_View_inline.hpp">
      <Filter>Implementation - Common</Filter>
    </ClInclude>
    <ClInclude Include="e_Engine.hpp">
      <Filter>External</Filter>
    </ClInclude>
    <ClInclude Include="e_Draw.hpp" />
    <ClInclude Include="e_Input.hpp" />
    <ClInclude Include="e_Input_Gadget_Defines.hpp" />
    <ClInclude Include="e_Input_Gadgets.hpp" />
    <ClInclude Include="e_ScratchMem.hpp" />
    <ClInclude Include="e_Text.hpp" />
    <ClInclude Include="e_View.hpp" />
    <ClInclude Include="e_VRAM.hpp" />
    <ClInclude Include="Entropy.hpp" />
    <ClInclude Include="e_Network.hpp" />
    <ClInclude Include="Network\NetStream.hpp">
      <Filter>Network</Filter>
    </ClInclude>
    <ClInclude Include="Network\FiFo.hpp">
      <Filter>Network</Filter>
    </ClInclude>
    <ClInclude Include="Network\NetAddress.hpp">
      <Filter>Network</Filter>
    </ClInclude>
    <ClInclude Include="Network\NetDefines.hpp">
      <Filter>Network</Filter>
    </ClInclude>
    <ClInclude Include="Network\NetSocket.hpp">
      <Filter>Network</Filter>
    </ClInclude>
  </ItemGroup>
  <ItemGroup>
    <CustomBuild Include="D3DEngine\d3deng_private.hpp">
      <Filter>Implementation - PC</Filter>
    </CustomBuild>
  </ItemGroup>
</Project>